
Microsoft Visual Studio Solution File, Format Version 12.00
# Visual Studio Version 16
VisualStudioVersion = 16.0.30907.101
MinimumVisualStudioVersion = 10.0.40219.1
Project("{9A19103F-16F7-4668-BE54-9A1E7A4F7556}") = "WebApp", "WebApp\WebApp.csproj", "{BE1C4736-CD62-4221-B106-B828FDD0183E}"
EndProject
Project("{9A19103F-16F7-4668-BE54-9A1E7A4F7556}") = "WebApi", "WebApi\WebApi.csproj", "{361D0C1B-A3FC-4BC9-BC56-E095C1549942}"
EndProject
Project("{9A19103F-16F7-4668-BE54-9A1E7A4F7556}") = "ViewModel", "ViewModel\ViewModel.csproj", "{8428D142-2238-4CB0-9EC6-26149A740021}"
EndProject
Project("{2150E333-8FDC-42A3-9474-1A3956D46DE8}") = "ClientApp", "ClientApp", "{878E1165-0266-4F58-853E-4CB488F23CE5}"
EndProject
Project("{FAE04EC0-301F-11D3-BF4B-00C04F79EFBC}") = "ServiceLayer", "ServiceLayer\ServiceLayer.csproj", "{1C2DE56A-D36E-4835-AF4C-C3C3B7436440}"
EndProject
Project("{FAE04EC0-301F-11D3-BF4B-00C04F79EFBC}") = "DataLayer", "DataLayer\DataLayer.csproj", "{FF286FF8-5524-4DB2-8C27-873DE679313C}"
EndProject
Project("{FAE04EC0-301F-11D3-BF4B-00C04F79EFBC}") = "Core", "Core\Core.csproj", "{1B4667A4-4A2C-4997-8FEC-09FF2DE88A32}"
EndProject
Project("{2150E333-8FDC-42A3-9474-1A3956D46DE8}") = "Tests", "Tests", "{0AB3BF05-4346-4AA6-1389-037BE0695223}"
EndProject
Project("{FAE04EC0-301F-11D3-BF4B-00C04F79EFBC}") = "AiLayer.Tests", "Tests\AiLayer.Tests\AiLayer.Tests.csproj", "{2866D6C4-34FE-47F2-A2CB-A253FCE9DA19}"
EndProject
Project("{FAE04EC0-301F-11D3-BF4B-00C04F79EFBC}") = "AiLayer", "AiLayer\AiLayer.csproj", "{71EBF75F-DB1A-48FF-B6FF-F612AA398E3D}"
EndProject
Project("{FAE04EC0-301F-11D3-BF4B-00C04F79EFBC}") = "Core.Tests", "Tests\Core.Tests\Core.Tests.csproj", "{53DAE632-2C37-4834-9245-DE3B6DCBDD4B}"
EndProject
Project("{FAE04EC0-301F-11D3-BF4B-00C04F79EFBC}") = "ServiceLayer.Tests", "Tests\ServiceLayer.Tests\ServiceLayer.Tests.csproj", "{9C259542-B4B0-430F-A71C-31EF9F0F9A5A}"
EndProject
Global
	GlobalSection(SolutionConfigurationPlatforms) = preSolution
		Debug|Any CPU = Debug|Any CPU
		Debug|x64 = Debug|x64
		Debug|x86 = Debug|x86
		Release|Any CPU = Release|Any CPU
		Release|x64 = Release|x64
		Release|x86 = Release|x86
	EndGlobalSection
	GlobalSection(ProjectConfigurationPlatforms) = postSolution
		{BE1C4736-CD62-4221-B106-B828FDD0183E}.Debug|Any CPU.ActiveCfg = Debug|Any CPU
		{BE1C4736-CD62-4221-B106-B828FDD0183E}.Debug|Any CPU.Build.0 = Debug|Any CPU
		{BE1C4736-CD62-4221-B106-B828FDD0183E}.Debug|x64.ActiveCfg = Debug|Any CPU
		{BE1C4736-CD62-4221-B106-B828FDD0183E}.Debug|x64.Build.0 = Debug|Any CPU
		{BE1C4736-CD62-4221-B106-B828FDD0183E}.Debug|x86.ActiveCfg = Debug|Any CPU
		{BE1C4736-CD62-4221-B106-B828FDD0183E}.Debug|x86.Build.0 = Debug|Any CPU
		{BE1C4736-CD62-4221-B106-B828FDD0183E}.Release|Any CPU.ActiveCfg = Release|Any CPU
		{BE1C4736-CD62-4221-B106-B828FDD0183E}.Release|Any CPU.Build.0 = Release|Any CPU
		{BE1C4736-CD62-4221-B106-B828FDD0183E}.Release|x64.ActiveCfg = Release|Any CPU
		{BE1C4736-CD62-4221-B106-B828FDD0183E}.Release|x64.Build.0 = Release|Any CPU
		{BE1C4736-CD62-4221-B106-B828FDD0183E}.Release|x86.ActiveCfg = Release|Any CPU
		{BE1C4736-CD62-4221-B106-B828FDD0183E}.Release|x86.Build.0 = Release|Any CPU
		{361D0C1B-A3FC-4BC9-BC56-E095C1549942}.Debug|Any CPU.ActiveCfg = Debug|Any CPU
		{361D0C1B-A3FC-4BC9-BC56-E095C1549942}.Debug|Any CPU.Build.0 = Debug|Any CPU
		{361D0C1B-A3FC-4BC9-BC56-E095C1549942}.Debug|x64.ActiveCfg = Debug|Any CPU
		{361D0C1B-A3FC-4BC9-BC56-E095C1549942}.Debug|x64.Build.0 = Debug|Any CPU
		{361D0C1B-A3FC-4BC9-BC56-E095C1549942}.Debug|x86.ActiveCfg = Debug|Any CPU
		{361D0C1B-A3FC-4BC9-BC56-E095C1549942}.Debug|x86.Build.0 = Debug|Any CPU
		{361D0C1B-A3FC-4BC9-BC56-E095C1549942}.Release|Any CPU.ActiveCfg = Release|Any CPU
		{361D0C1B-A3FC-4BC9-BC56-E095C1549942}.Release|Any CPU.Build.0 = Release|Any CPU
		{361D0C1B-A3FC-4BC9-BC56-E095C1549942}.Release|x64.ActiveCfg = Release|Any CPU
		{361D0C1B-A3FC-4BC9-BC56-E095C1549942}.Release|x64.Build.0 = Release|Any CPU
		{361D0C1B-A3FC-4BC9-BC56-E095C1549942}.Release|x86.ActiveCfg = Release|Any CPU
		{361D0C1B-A3FC-4BC9-BC56-E095C1549942}.Release|x86.Build.0 = Release|Any CPU
		{8428D142-2238-4CB0-9EC6-26149A740021}.Debug|Any CPU.ActiveCfg = Debug|Any CPU
		{8428D142-2238-4CB0-9EC6-26149A740021}.Debug|Any CPU.Build.0 = Debug|Any CPU
		{8428D142-2238-4CB0-9EC6-26149A740021}.Debug|x64.ActiveCfg = Debug|Any CPU
		{8428D142-2238-4CB0-9EC6-26149A740021}.Debug|x64.Build.0 = Debug|Any CPU
		{8428D142-2238-4CB0-9EC6-26149A740021}.Debug|x86.ActiveCfg = Debug|Any CPU
		{8428D142-2238-4CB0-9EC6-26149A740021}.Debug|x86.Build.0 = Debug|Any CPU
		{8428D142-2238-4CB0-9EC6-26149A740021}.Release|Any CPU.ActiveCfg = Release|Any CPU
		{8428D142-2238-4CB0-9EC6-26149A740021}.Release|Any CPU.Build.0 = Release|Any CPU
		{8428D142-2238-4CB0-9EC6-26149A740021}.Release|x64.ActiveCfg = Release|Any CPU
		{8428D142-2238-4CB0-9EC6-26149A740021}.Release|x64.Build.0 = Release|Any CPU
		{8428D142-2238-4CB0-9EC6-26149A740021}.Release|x86.ActiveCfg = Release|Any CPU
		{8428D142-2238-4CB0-9EC6-26149A740021}.Release|x86.Build.0 = Release|Any CPU
		{1C2DE56A-D36E-4835-AF4C-C3C3B7436440}.Debug|Any CPU.ActiveCfg = Debug|Any CPU
		{1C2DE56A-D36E-4835-AF4C-C3C3B7436440}.Debug|Any CPU.Build.0 = Debug|Any CPU
		{1C2DE56A-D36E-4835-AF4C-C3C3B7436440}.Debug|x64.ActiveCfg = Debug|Any CPU
		{1C2DE56A-D36E-4835-AF4C-C3C3B7436440}.Debug|x64.Build.0 = Debug|Any CPU
		{1C2DE56A-D36E-4835-AF4C-C3C3B7436440}.Debug|x86.ActiveCfg = Debug|Any CPU
		{1C2DE56A-D36E-4835-AF4C-C3C3B7436440}.Debug|x86.Build.0 = Debug|Any CPU
		{1C2DE56A-D36E-4835-AF4C-C3C3B7436440}.Release|Any CPU.ActiveCfg = Release|Any CPU
		{1C2DE56A-D36E-4835-AF4C-C3C3B7436440}.Release|Any CPU.Build.0 = Release|Any CPU
		{1C2DE56A-D36E-4835-AF4C-C3C3B7436440}.Release|x64.ActiveCfg = Release|Any CPU
		{1C2DE56A-D36E-4835-AF4C-C3C3B7436440}.Release|x64.Build.0 = Release|Any CPU
		{1C2DE56A-D36E-4835-AF4C-C3C3B7436440}.Release|x86.ActiveCfg = Release|Any CPU
		{1C2DE56A-D36E-4835-AF4C-C3C3B7436440}.Release|x86.Build.0 = Release|Any CPU
		{FF286FF8-5524-4DB2-8C27-873DE679313C}.Debug|Any CPU.ActiveCfg = Debug|Any CPU
		{FF286FF8-5524-4DB2-8C27-873DE679313C}.Debug|Any CPU.Build.0 = Debug|Any CPU
		{FF286FF8-5524-4DB2-8C27-873DE679313C}.Debug|x64.ActiveCfg = Debug|Any CPU
		{FF286FF8-5524-4DB2-8C27-873DE679313C}.Debug|x64.Build.0 = Debug|Any CPU
		{FF286FF8-5524-4DB2-8C27-873DE679313C}.Debug|x86.ActiveCfg = Debug|Any CPU
		{FF286FF8-5524-4DB2-8C27-873DE679313C}.Debug|x86.Build.0 = Debug|Any CPU
		{FF286FF8-5524-4DB2-8C27-873DE679313C}.Release|Any CPU.ActiveCfg = Release|Any CPU
		{FF286FF8-5524-4DB2-8C27-873DE679313C}.Release|Any CPU.Build.0 = Release|Any CPU
		{FF286FF8-5524-4DB2-8C27-873DE679313C}.Release|x64.ActiveCfg = Release|Any CPU
		{FF286FF8-5524-4DB2-8C27-873DE679313C}.Release|x64.Build.0 = Release|Any CPU
		{FF286FF8-5524-4DB2-8C27-873DE679313C}.Release|x86.ActiveCfg = Release|Any CPU
		{FF286FF8-5524-4DB2-8C27-873DE679313C}.Release|x86.Build.0 = Release|Any CPU
		{1B4667A4-4A2C-4997-8FEC-09FF2DE88A32}.Debug|Any CPU.ActiveCfg = Debug|Any CPU
		{1B4667A4-4A2C-4997-8FEC-09FF2DE88A32}.Debug|Any CPU.Build.0 = Debug|Any CPU
		{1B4667A4-4A2C-4997-8FEC-09FF2DE88A32}.Debug|x64.ActiveCfg = Debug|Any CPU
		{1B4667A4-4A2C-4997-8FEC-09FF2DE88A32}.Debug|x64.Build.0 = Debug|Any CPU
		{1B4667A4-4A2C-4997-8FEC-09FF2DE88A32}.Debug|x86.ActiveCfg = Debug|Any CPU
		{1B4667A4-4A2C-4997-8FEC-09FF2DE88A32}.Debug|x86.Build.0 = Debug|Any CPU
		{1B4667A4-4A2C-4997-8FEC-09FF2DE88A32}.Release|Any CPU.ActiveCfg = Release|Any CPU
		{1B4667A4-4A2C-4997-8FEC-09FF2DE88A32}.Release|Any CPU.Build.0 = Release|Any CPU
		{1B4667A4-4A2C-4997-8FEC-09FF2DE88A32}.Release|x64.ActiveCfg = Release|Any CPU
		{1B4667A4-4A2C-4997-8FEC-09FF2DE88A32}.Release|x64.Build.0 = Release|Any CPU
		{1B4667A4-4A2C-4997-8FEC-09FF2DE88A32}.Release|x86.ActiveCfg = Release|Any CPU
		{1B4667A4-4A2C-4997-8FEC-09FF2DE88A32}.Release|x86.Build.0 = Release|Any CPU
		{2866D6C4-34FE-47F2-A2CB-A253FCE9DA19}.Debug|Any CPU.ActiveCfg = Debug|Any CPU
		{2866D6C4-34FE-47F2-A2CB-A253FCE9DA19}.Debug|Any CPU.Build.0 = Debug|Any CPU
		{2866D6C4-34FE-47F2-A2CB-A253FCE9DA19}.Debug|x64.ActiveCfg = Debug|Any CPU
		{2866D6C4-34FE-47F2-A2CB-A253FCE9DA19}.Debug|x64.Build.0 = Debug|Any CPU
		{2866D6C4-34FE-47F2-A2CB-A253FCE9DA19}.Debug|x86.ActiveCfg = Debug|Any CPU
		{2866D6C4-34FE-47F2-A2CB-A253FCE9DA19}.Debug|x86.Build.0 = Debug|Any CPU
		{2866D6C4-34FE-47F2-A2CB-A253FCE9DA19}.Release|Any CPU.ActiveCfg = Release|Any CPU
		{2866D6C4-34FE-47F2-A2CB-A253FCE9DA19}.Release|Any CPU.Build.0 = Release|Any CPU
		{2866D6C4-34FE-47F2-A2CB-A253FCE9DA19}.Release|x64.ActiveCfg = Release|Any CPU
		{2866D6C4-34FE-47F2-A2CB-A253FCE9DA19}.Release|x64.Build.0 = Release|Any CPU
		{2866D6C4-34FE-47F2-A2CB-A253FCE9DA19}.Release|x86.ActiveCfg = Release|Any CPU
		{2866D6C4-34FE-47F2-A2CB-A253FCE9DA19}.Release|x86.Build.0 = Release|Any CPU
		{71EBF75F-DB1A-48FF-B6FF-F612AA398E3D}.Debug|Any CPU.ActiveCfg = Debug|Any CPU
		{71EBF75F-DB1A-48FF-B6FF-F612AA398E3D}.Debug|Any CPU.Build.0 = Debug|Any CPU
		{71EBF75F-DB1A-48FF-B6FF-F612AA398E3D}.Debug|x64.ActiveCfg = Debug|Any CPU
		{71EBF75F-DB1A-48FF-B6FF-F612AA398E3D}.Debug|x64.Build.0 = Debug|Any CPU
		{71EBF75F-DB1A-48FF-B6FF-F612AA398E3D}.Debug|x86.ActiveCfg = Debug|Any CPU
		{71EBF75F-DB1A-48FF-B6FF-F612AA398E3D}.Debug|x86.Build.0 = Debug|Any CPU
		{71EBF75F-DB1A-48FF-B6FF-F612AA398E3D}.Release|Any CPU.ActiveCfg = Release|Any CPU
		{71EBF75F-DB1A-48FF-B6FF-F612AA398E3D}.Release|Any CPU.Build.0 = Release|Any CPU
		{71EBF75F-DB1A-48FF-B6FF-F612AA398E3D}.Release|x64.ActiveCfg = Release|Any CPU
		{71EBF75F-DB1A-48FF-B6FF-F612AA398E3D}.Release|x64.Build.0 = Release|Any CPU
		{71EBF75F-DB1A-48FF-B6FF-F612AA398E3D}.Release|x86.ActiveCfg = Release|Any CPU
		{71EBF75F-DB1A-48FF-B6FF-F612AA398E3D}.Release|x86.Build.0 = Release|Any CPU
		{53DAE632-2C37-4834-9245-DE3B6DCBDD4B}.Debug|Any CPU.ActiveCfg = Debug|Any CPU
		{53DAE632-2C37-4834-9245-DE3B6DCBDD4B}.Debug|Any CPU.Build.0 = Debug|Any CPU
		{53DAE632-2C37-4834-9245-DE3B6DCBDD4B}.Debug|x64.ActiveCfg = Debug|Any CPU
		{53DAE632-2C37-4834-9245-DE3B6DCBDD4B}.Debug|x64.Build.0 = Debug|Any CPU
		{53DAE632-2C37-4834-9245-DE3B6DCBDD4B}.Debug|x86.ActiveCfg = Debug|Any CPU
		{53DAE632-2C37-4834-9245-DE3B6DCBDD4B}.Debug|x86.Build.0 = Debug|Any CPU
		{53DAE632-2C37-4834-9245-DE3B6DCBDD4B}.Release|Any CPU.ActiveCfg = Release|Any CPU
		{53DAE632-2C37-4834-9245-DE3B6DCBDD4B}.Release|Any CPU.Build.0 = Release|Any CPU
		{53DAE632-2C37-4834-9245-DE3B6DCBDD4B}.Release|x64.ActiveCfg = Release|Any CPU
		{53DAE632-2C37-4834-9245-DE3B6DCBDD4B}.Release|x64.Build.0 = Release|Any CPU
		{53DAE632-2C37-4834-9245-DE3B6DCBDD4B}.Release|x86.ActiveCfg = Release|Any CPU
		{53DAE632-2C37-4834-9245-DE3B6DCBDD4B}.Release|x86.Build.0 = Release|Any CPU
		{9C259542-B4B0-430F-A71C-31EF9F0F9A5A}.Debug|Any CPU.ActiveCfg = Debug|Any CPU
		{9C259542-B4B0-430F-A71C-31EF9F0F9A5A}.Debug|Any CPU.Build.0 = Debug|Any CPU
		{9C259542-B4B0-430F-A71C-31EF9F0F9A5A}.Debug|x64.ActiveCfg = Debug|Any CPU
		{9C259542-B4B0-430F-A71C-31EF9F0F9A5A}.Debug|x64.Build.0 = Debug|Any CPU
		{9C259542-B4B0-430F-A71C-31EF9F0F9A5A}.Debug|x86.ActiveCfg = Debug|Any CPU
		{9C259542-B4B0-430F-A71C-31EF9F0F9A5A}.Debug|x86.Build.0 = Debug|Any CPU
		{9C259542-B4B0-430F-A71C-31EF9F0F9A5A}.Release|Any CPU.ActiveCfg = Release|Any CPU
		{9C259542-B4B0-430F-A71C-31EF9F0F9A5A}.Release|Any CPU.Build.0 = Release|Any CPU
		{9C259542-B4B0-430F-A71C-31EF9F0F9A5A}.Release|x64.ActiveCfg = Release|Any CPU
		{9C259542-B4B0-430F-A71C-31EF9F0F9A5A}.Release|x64.Build.0 = Release|Any CPU
		{9C259542-B4B0-430F-A71C-31EF9F0F9A5A}.Release|x86.ActiveCfg = Release|Any CPU
		{9C259542-B4B0-430F-A71C-31EF9F0F9A5A}.Release|x86.Build.0 = Release|Any CPU
	EndGlobalSection
	GlobalSection(SolutionProperties) = preSolution
		HideSolutionNode = FALSE
	EndGlobalSection
	GlobalSection(NestedProjects) = preSolution
		{BE1C4736-CD62-4221-B106-B828FDD0183E} = {878E1165-0266-4F58-853E-4CB488F23CE5}
		{2866D6C4-34FE-47F2-A2CB-A253FCE9DA19} = {0AB3BF05-4346-4AA6-1389-037BE0695223}
		{53DAE632-2C37-4834-9245-DE3B6DCBDD4B} = {0AB3BF05-4346-4AA6-1389-037BE0695223}
		{9C259542-B4B0-430F-A71C-31EF9F0F9A5A} = {0AB3BF05-4346-4AA6-1389-037BE0695223}
	EndGlobalSection
	GlobalSection(ExtensibilityGlobals) = postSolution
		SolutionGuid = {9E083AFC-4EEE-49E7-8DCF-8BFD62167F66}
	EndGlobalSection
EndGlobal
